// !$*UTF8*$!
{
	archiveVersion = 1;
	classes = {
	};
	objectVersion = 48;
	objects = {

/* Begin PBXBuildFile section */
		C2659A28205529EF002136A0 /* HideXcodeVariablesView.m in Sources */ = {isa = PBXBuildFile; fileRef = C2659A27205529EF002136A0 /* HideXcodeVariablesView.m */; };
		C2659A2B20552BAF002136A0 /* HideXcodeVariablesView.xcplugin in Install Plugin */ = {isa = PBXBuildFile; fileRef = C2659A1D20552987002136A0 /* HideXcodeVariablesView.xcplugin */; };
/* End PBXBuildFile section */

/* Begin PBXCopyFilesBuildPhase section */
		C2659A2A20552B9E002136A0 /* Install Plugin */ = {
			isa = PBXCopyFilesBuildPhase;
			buildActionMask = 2147483647;
			dstPath = "~/Library/Application Support/Developer/Shared/Xcode/Plug-ins";
			dstSubfolderSpec = 0;
			files = (
				C2659A2B20552BAF002136A0 /* HideXcodeVariablesView.xcplugin in Install Plugin */,
			);
			name = "Install Plugin";
			runOnlyForDeploymentPostprocessing = 0;
		};
/* End PBXCopyFilesBuildPhase section */

/* Begin PBXFileReference section */
		C2659A1D20552987002136A0 /* HideXcodeVariablesView.xcplugin */ = {isa = PBXFileReference; explicitFileType = wrapper.cfbundle; includeInIndex = 0; path = HideXcodeVariablesView.xcplugin; sourceTree = BUILT_PRODUCTS_DIR; };
		C2659A2020552987002136A0 /* Info.plist */ = {isa = PBXFileReference; lastKnownFileType = text.plist.xml; path = Info.plist; sourceTree = "<group>"; };
		C2659A26205529EF002136A0 /* HideXcodeVariablesView.h */ = {isa = PBXFileReference; lastKnownFileType = sourcecode.c.h; path = HideXcodeVariablesView.h; sourceTree = "<group>"; };
		C2659A27205529EF002136A0 /* HideXcodeVariablesView.m */ = {isa = PBXFileReference; lastKnownFileType = sourcecode.c.objc; path = HideXcodeVariablesView.m; sourceTree = "<group>"; };
/* End PBXFileReference section */

/* Begin PBXGroup section */
		C2659A1420552987002136A0 = {
			isa = PBXGroup;
			children = (
				C2659A1F20552987002136A0 /* HideXcodeVariablesView */,
				C2659A1E20552987002136A0 /* Products */,
			);
			sourceTree = "<group>";
		};
		C2659A1E20552987002136A0 /* Products */ = {
			isa = PBXGroup;
			children = (
				C2659A1D20552987002136A0 /* HideXcodeVariablesView.xcplugin */,
			);
			name = Products;
			sourceTree = "<group>";
		};
		C2659A1F20552987002136A0 /* HideXcodeVariablesView */ = {
			isa = PBXGroup;
			children = (
				C2659A2020552987002136A0 /* Info.plist */,
				C2659A26205529EF002136A0 /* HideXcodeVariablesView.h */,
				C2659A27205529EF002136A0 /* HideXcodeVariablesView.m */,
			);
			path = HideXcodeVariablesView;
			sourceTree = "<group>";
		};
/* End PBXGroup section */

/* Begin PBXNativeTarget section */
		C2659A1C20552987002136A0 /* HideXcodeVariablesView */ = {
			isa = PBXNativeTarget;
			buildConfigurationList = C2659A2320552987002136A0 /* Build configuration list for PBXNativeTarget "HideXcodeVariablesView" */;
			buildPhases = (
				C2659A1920552987002136A0 /* Sources */,
				C2659A2A20552B9E002136A0 /* Install Plugin */,
			);
			buildRules = (
			);
			dependencies = (
			);
			name = HideXcodeVariablesView;
			productName = HideXcodeVariablesView;
			productReference = C2659A1D20552987002136A0 /* HideXcodeVariablesView.xcplugin */;
			productType = "com.apple.product-type.bundle";
		};
/* End PBXNativeTarget section */

/* Begin PBXProject section */
		C2659A1520552987002136A0 /* Project object */ = {
			isa = PBXProject;
			attributes = {
				LastUpgradeCheck = 0920;
				ORGANIZATIONNAME = smileykeith;
				TargetAttributes = {
					C2659A1C20552987002136A0 = {
						CreatedOnToolsVersion = 9.2;
						ProvisioningStyle = Manual;
					};
				};
			};
			buildConfigurationList = C2659A1820552987002136A0 /* Build configuration list for PBXProject "HideXcodeVariablesView" */;
			compatibilityVersion = "Xcode 8.0";
			developmentRegion = en;
			hasScannedForEncodings = 0;
			knownRegions = (
				en,
			);
			mainGroup = C2659A1420552987002136A0;
			productRefGroup = C2659A1E20552987002136A0 /* Products */;
			projectDirPath = "";
			projectRoot = "";
			targets = (
				C2659A1C20552987002136A0 /* HideXcodeVariablesView */,
			);
		};
/* End PBXProject section */

/* Begin PBXSourcesBuildPhase section */
		C2659A1920552987002136A0 /* Sources */ = {
			isa = PBXSourcesBuildPhase;
			buildActionMask = 2147483647;
			files = (
				C2659A28205529EF002136A0 /* HideXcodeVariablesView.m in Sources */,
			);
			runOnlyForDeploymentPostprocessing = 0;
		};
/* End PBXSourcesBuildPhase section */

/* Begin XCBuildConfiguration section */
		C2659A2120552987002136A0 /* Debug */ = {
			isa = XCBuildConfiguration;
			buildSettings = {
				ALWAYS_SEARCH_USER_PATHS = NO;
				CLANG_ANALYZER_NONNULL = YES;
				CLANG_ANALYZER_NUMBER_OBJECT_CONVERSION = YES_AGGRESSIVE;
				CLANG_CXX_LANGUAGE_STANDARD = "gnu++14";
				CLANG_CXX_LIBRARY = "libc++";
				CLANG_ENABLE_MODULES = YES;
				CLANG_ENABLE_OBJC_ARC = YES;
				CLANG_WARN_BLOCK_CAPTURE_AUTORELEASING = YES;
				CLANG_WARN_BOOL_CONVERSION = YES;
				CLANG_WARN_COMMA = YES;
				CLANG_WARN_CONSTANT_CONVERSION = YES;
				CLANG_WARN_DIRECT_OBJC_ISA_USAGE = YES_ERROR;
				CLANG_WARN_DOCUMENTATION_COMMENTS = YES;
				CLANG_WARN_EMPTY_BODY = YES;
				CLANG_WARN_ENUM_CONVERSION = YES;
				CLANG_WARN_INFINITE_RECURSION = YES;
				CLANG_WARN_INT_CONVERSION = YES;
				CLANG_WARN_NON_LITERAL_NULL_CONVERSION = YES;
				CLANG_WARN_OBJC_LITERAL_CONVERSION = YES;
				CLANG_WARN_OBJC_ROOT_CLASS = YES_ERROR;
				CLANG_WARN_RANGE_LOOP_ANALYSIS = YES;
				CLANG_WARN_STRICT_PROTOTYPES = YES;
				CLANG_WARN_SUSPICIOUS_MOVE = YES;
				CLANG_WARN_UNGUARDED_AVAILABILITY = YES_AGGRESSIVE;
				CLANG_WARN_UNREACHABLE_CODE = YES;
				CLANG_WARN__DUPLICATE_METHOD_MATCH = YES;
				CODE_SIGN_IDENTITY = "-";
				COPY_PHASE_STRIP = NO;
				DEBUG_INFORMATION_FORMAT = dwarf;
				ENABLE_STRICT_OBJC_MSGSEND = YES;
				ENABLE_TESTABILITY = YES;
				GCC_C_LANGUAGE_STANDARD = gnu11;
				GCC_DYNAMIC_NO_PIC = NO;
				GCC_NO_COMMON_BLOCKS = YES;
				GCC_OPTIMIZATION_LEVEL = 0;
				GCC_PREPROCESSOR_DEFINITIONS = (
					"DEBUG=1",
					"$(inherited)",
				);
				GCC_WARN_64_TO_32_BIT_CONVERSION = YES;
				GCC_WARN_ABOUT_RETURN_TYPE = YES_ERROR;
				GCC_WARN_UNDECLARED_SELECTOR = YES;
				GCC_WARN_UNINITIALIZED_AUTOS = YES_AGGRESSIVE;
				GCC_WARN_UNUSED_FUNCTION = YES;
				GCC_WARN_UNUSED_VARIABLE = YES;
				MACOSX_DEPLOYMENT_TARGET = 10.13;
				MTL_ENABLE_DEBUG_INFO = YES;
				ONLY_ACTIVE_ARCH = YES;
				SDKROOT = macosx;
			};
			name = Debug;
		};
		C2659A2220552987002136A0 /* Release */ = {
			isa = XCBuildConfiguration;
			buildSettings = {
				ALWAYS_SEARCH_USER_PATHS = NO;
				CLANG_ANALYZER_NONNULL = YES;
				CLANG_ANALYZER_NUMBER_OBJECT_CONVERSION = YES_AGGRESSIVE;
				CLANG_CXX_LANGUAGE_STANDARD = "gnu++14";
				CLANG_CXX_LIBRARY = "libc++";
				CLANG_ENABLE_MODULES = YES;
				CLANG_ENABLE_OBJC_ARC = YES;
				CLANG_WARN_BLOCK_CAPTURE_AUTORELEASING = YES;
				CLANG_WARN_BOOL_CONVERSION = YES;
				CLANG_WARN_COMMA = YES;
				CLANG_WARN_CONSTANT_CONVERSION = YES;
				CLANG_WARN_DIRECT_OBJC_ISA_USAGE = YES_ERROR;
				CLANG_WARN_DOCUMENTATION_COMMENTS = YES;
				CLANG_WARN_EMPTY_BODY = YES;
				CLANG_WARN_ENUM_CONVERSION = YES;
				CLANG_WARN_INFINITE_RECURSION = YES;
				CLANG_WARN_INT_CONVERSION = YES;
				CLANG_WARN_NON_LITERAL_NULL_CONVERSION = YES;
				CLANG_WARN_OBJC_LITERAL_CONVERSION = YES;
				CLANG_WARN_OBJC_ROOT_CLASS = YES_ERROR;
				CLANG_WARN_RANGE_LOOP_ANALYSIS = YES;
				CLANG_WARN_STRICT_PROTOTYPES = YES;
				CLANG_WARN_SUSPICIOUS_MOVE = YES;
				CLANG_WARN_UNGUARDED_AVAILABILITY = YES_AGGRESSIVE;
				CLANG_WARN_UNREACHABLE_CODE = YES;
				CLANG_WARN__DUPLICATE_METHOD_MATCH = YES;
				CODE_SIGN_IDENTITY = "-";
				COPY_PHASE_STRIP = NO;
				DEBUG_INFORMATION_FORMAT = "dwarf-with-dsym";
				ENABLE_NS_ASSERTIONS = NO;
				ENABLE_STRICT_OBJC_MSGSEND = YES;
				GCC_C_LANGUAGE_STANDARD = gnu11;
				GCC_NO_COMMON_BLOCKS = YES;
				GCC_WARN_64_TO_32_BIT_CONVERSION = YES;
				GCC_WARN_ABOUT_RETURN_TYPE = YES_ERROR;
				GCC_WARN_UNDECLARED_SELECTOR = YES;
				GCC_WARN_UNINITIALIZED_AUTOS = YES_AGGRESSIVE;
				GCC_WARN_UNUSED_FUNCTION = YES;
				GCC_WARN_UNUSED_VARIABLE = YES;
				MACOSX_DEPLOYMENT_TARGET = 10.13;
				MTL_ENABLE_DEBUG_INFO = NO;
				SDKROOT = macosx;
			};
			name = Release;
		};
		C2659A2420552987002136A0 /* Debug */ = {
			isa = XCBuildConfiguration;
			buildSettings = {
				CODE_SIGN_IDENTITY = "";
				CODE_SIGN_STYLE = Manual;
				COMBINE_HIDPI_IMAGES = YES;
				DEVELOPMENT_TEAM = "";
				INFOPLIST_FILE = HideXcodeVariablesView/Info.plist;
				INSTALL_PATH = "$(LOCAL_LIBRARY_DIR)/Bundles";
				PRODUCT_BUNDLE_IDENTIFIER = com.smileykeith.HideXcodeVariablesView;
				PRODUCT_NAME = "$(TARGET_NAME)";
				SKIP_INSTALL = YES;
				WARNING_CFLAGS = "-Wno-arc-performSelector-leaks";
				WRAPPER_EXTENSION = xcplugin;
			};
			name = Debug;
		};
		C2659A2520552987002136A0 /* Release */ = {
			isa = XCBuildConfiguration;
			buildSettings = {
				CODE_SIGN_IDENTITY = "";
				CODE_SIGN_STYLE = Manual;
				COMBINE_HIDPI_IMAGES = YES;
				INFOPLIST_FILE = HideXcodeVariablesView/Info.plist;
				INSTALL_PATH = "$(LOCAL_LIBRARY_DIR)/Bundles";
				PRODUCT_BUNDLE_IDENTIFIER = com.smileykeith.HideXcodeVariablesView;
				PRODUCT_NAME = "$(TARGET_NAME)";
				SKIP_INSTALL = YES;
				WARNING_CFLAGS = "-Wno-arc-performSelector-leaks";
				WRAPPER_EXTENSION = xcplugin;
			};
			name = Release;
		};
/* End XCBuildConfiguration section */

/* Begin XCConfigurationList section */
		C2659A1820552987002136A0 /* Build configuration list for PBXProject "HideXcodeVariablesView" */ = {
			isa = XCConfigurationList;
			buildConfigurations = (
				C2659A2120552987002136A0 /* Debug */,
				C2659A2220552987002136A0 /* Release */,
			);
			defaultConfigurationIsVisible = 0;
			defaultConfigurationName = Release;
		};
		C2659A2320552987002136A0 /* Build configuration list for PBXNativeTarget "HideXcodeVariablesView" */ = {
			isa = XCConfigurationList;
			buildConfigurations = (
				C2659A2420552987002136A0 /* Debug */,
				C2659A2520552987002136A0 /* Release */,
			);
			defaultConfigurationIsVisible = 0;
			defaultConfigurationName = Release;
		};
/* End XCConfigurationList section */
	};
	rootObject = C2659A1520552987002136A0 /* Project object */;
}
